# Generated by pub
# See http://pub.dartlang.org/doc/glossary.html#lockfile
packages:
  bson:
    description: bson
    source: hosted
    version: "0.1.18"
  collection:
    description: collection
    source: hosted
    version: "0.9.4"
  crypto:
    description: crypto
    source: hosted
    version: "0.9.0"
  logging:
    description: logging
    source: hosted
    version: "0.9.1+1"
  mongo_dart:
    description: mongo_dart
    source: hosted
    version: "0.1.42"
  mongo_dart_query:
    description: mongo_dart_query
    source: hosted
    version: "0.1.12"
  more:
    description: more
    source: hosted
    version: "1.2.1"
