# Generated by pub
# See http://pub.dartlang.org/doc/glossary.html#lockfile
packages:
  collection:
    description: collection
    source: hosted
    version: "0.9.4"
  crypto:
    description: crypto
    source: hosted
    version: "0.9.0"
  logging:
    description: logging
    source: hosted
    version: "0.9.1+1"
  options_file:
    description: options_file
    source: hosted
    version: "0.10.0"
  path:
    description: path
    source: hosted
    version: "1.2.1"
  sqljocky:
    description: sqljocky
    source: hosted
    version: "0.11.0"
  stack_trace:
    description: stack_trace
    source: hosted
    version: "0.9.3+2"
  unittest:
    description: unittest
    source: hosted
    version: "0.9.3"
